// !$*UTF8*$!
{
	archiveVersion = 1;
	classes = {
	};
	objectVersion = 46;
	objects = {

/* Begin PBXBuildFile section */
		2E91E32C527D4FCDD54DD020 /* Pods_ViperModuleTemplate.framework in Frameworks */ = {isa = PBXBuildFile; fileRef = E04BBA6D14882EB51E037BF2 /* Pods_ViperModuleTemplate.framework */; };
		55400CC1E838861DD19B9A3A /* Pods_ViperModuleTemplateUITests.framework in Frameworks */ = {isa = PBXBuildFile; fileRef = B13B090795BB583AAB6B00BE /* Pods_ViperModuleTemplateUITests.framework */; };
		B25489DA1EDC86B0008F263B /* ___FILEBASENAME___ModuleStack.swift in Sources */ = {isa = PBXBuildFile; fileRef = B25489C91EDC86B0008F263B /* ___FILEBASENAME___ModuleStack.swift */; };
		B25489DB1EDC86B0008F263B /* ___FILEBASENAME___DataManager.swift in Sources */ = {isa = PBXBuildFile; fileRef = B25489CB1EDC86B0008F263B /* ___FILEBASENAME___DataManager.swift */; };
		B25489DC1EDC86B0008F263B /* ___FILEBASENAME___DataManagerProtocols.swift in Sources */ = {isa = PBXBuildFile; fileRef = B25489CC1EDC86B0008F263B /* ___FILEBASENAME___DataManagerProtocols.swift */; };
		B25489DD1EDC86B0008F263B /* ___FILEBASENAME___Interactor.swift in Sources */ = {isa = PBXBuildFile; fileRef = B25489CE1EDC86B0008F263B /* ___FILEBASENAME___Interactor.swift */; };
		B25489DE1EDC86B0008F263B /* ___FILEBASENAME___InteractorProtocols.swift in Sources */ = {isa = PBXBuildFile; fileRef = B25489CF1EDC86B0008F263B /* ___FILEBASENAME___InteractorProtocols.swift */; };
		B25489DF1EDC86B0008F263B /* ___FILEBASENAME___ModuleDelegate.swift in Sources */ = {isa = PBXBuildFile; fileRef = B25489D11EDC86B0008F263B /* ___FILEBASENAME___ModuleDelegate.swift */; };
		B25489E01EDC86B0008F263B /* ___FILEBASENAME___Presenter.swift in Sources */ = {isa = PBXBuildFile; fileRef = B25489D21EDC86B0008F263B /* ___FILEBASENAME___Presenter.swift */; };
		B25489E11EDC86B0008F263B /* ___FILEBASENAME___Router.swift in Sources */ = {isa = PBXBuildFile; fileRef = B25489D41EDC86B0008F263B /* ___FILEBASENAME___Router.swift */; };
		B25489E21EDC86B0008F263B /* ___FILEBASENAME___RouterInterface.swift in Sources */ = {isa = PBXBuildFile; fileRef = B25489D51EDC86B0008F263B /* ___FILEBASENAME___RouterInterface.swift */; };
		B25489E41EDC86B0008F263B /* ___FILEBASENAME___ViewController.swift in Sources */ = {isa = PBXBuildFile; fileRef = B25489D81EDC86B0008F263B /* ___FILEBASENAME___ViewController.swift */; };
		B25489E51EDC86B0008F263B /* ___FILEBASENAME___ViewProtocols.swift in Sources */ = {isa = PBXBuildFile; fileRef = B25489D91EDC86B0008F263B /* ___FILEBASENAME___ViewProtocols.swift */; };
		B26864721EE6C8180040FD78 /* ___FILEBASENAME___RouterTests.swift in Sources */ = {isa = PBXBuildFile; fileRef = B25489D61EDC86B0008F263B /* ___FILEBASENAME___RouterTests.swift */; };
		B2771F3F1ED845DD00D7C3C6 /* AppDelegate.swift in Sources */ = {isa = PBXBuildFile; fileRef = B2771F3E1ED845DD00D7C3C6 /* AppDelegate.swift */; };
		B2771F411ED845DD00D7C3C6 /* ViewController.swift in Sources */ = {isa = PBXBuildFile; fileRef = B2771F401ED845DD00D7C3C6 /* ViewController.swift */; };
		B2771F441ED845DD00D7C3C6 /* Main.storyboard in Resources */ = {isa = PBXBuildFile; fileRef = B2771F421ED845DD00D7C3C6 /* Main.storyboard */; };
		B2771F461ED845DD00D7C3C6 /* Assets.xcassets in Resources */ = {isa = PBXBuildFile; fileRef = B2771F451ED845DD00D7C3C6 /* Assets.xcassets */; };
		B2771F491ED845DD00D7C3C6 /* LaunchScreen.storyboard in Resources */ = {isa = PBXBuildFile; fileRef = B2771F471ED845DD00D7C3C6 /* LaunchScreen.storyboard */; };
		B2771F541ED845DD00D7C3C6 /* ViperModuleTemplateTests.swift in Sources */ = {isa = PBXBuildFile; fileRef = B2771F531ED845DD00D7C3C6 /* ViperModuleTemplateTests.swift */; };
		B2771F5F1ED845DE00D7C3C6 /* ViperModuleTemplateUITests.swift in Sources */ = {isa = PBXBuildFile; fileRef = B2771F5E1ED845DE00D7C3C6 /* ViperModuleTemplateUITests.swift */; };
		DB2ECF22E30DFFAD9AFF299F /* Pods_ViperModuleTemplateTests.framework in Frameworks */ = {isa = PBXBuildFile; fileRef = 6250CA3CA5ABAF8919BCCC6B /* Pods_ViperModuleTemplateTests.framework */; };
/* End PBXBuildFile section */

/* Begin PBXContainerItemProxy section */
		B2771F501ED845DD00D7C3C6 /* PBXContainerItemProxy */ = {
			isa = PBXContainerItemProxy;
			containerPortal = B2771F331ED845DD00D7C3C6 /* Project object */;
			proxyType = 1;
			remoteGlobalIDString = B2771F3A1ED845DD00D7C3C6;
			remoteInfo = ViperModuleTemplate;
		};
		B2771F5B1ED845DE00D7C3C6 /* PBXContainerItemProxy */ = {
			isa = PBXContainerItemProxy;
			containerPortal = B2771F331ED845DD00D7C3C6 /* Project object */;
			proxyType = 1;
			remoteGlobalIDString = B2771F3A1ED845DD00D7C3C6;
			remoteInfo = ViperModuleTemplate;
		};
/* End PBXContainerItemProxy section */

/* Begin PBXFileReference section */
		0396865F1C75FA724D30D3C9 /* Pods-ViperModuleTemplateUITests.debug.xcconfig */ = {isa = PBXFileReference; includeInIndex = 1; lastKnownFileType = text.xcconfig; name = "Pods-ViperModuleTemplateUITests.debug.xcconfig"; path = "Pods/Target Support Files/Pods-ViperModuleTemplateUITests/Pods-ViperModuleTemplateUITests.debug.xcconfig"; sourceTree = "<group>"; };
		2BBCBD1F9A059E04A1AA1C58 /* Pods-ViperModuleTemplateTests.debug.xcconfig */ = {isa = PBXFileReference; includeInIndex = 1; lastKnownFileType = text.xcconfig; name = "Pods-ViperModuleTemplateTests.debug.xcconfig"; path = "Pods/Target Support Files/Pods-ViperModuleTemplateTests/Pods-ViperModuleTemplateTests.debug.xcconfig"; sourceTree = "<group>"; };
		3519363C5ABAF30A14E62E94 /* Pods-ViperModuleTemplate.debug.xcconfig */ = {isa = PBXFileReference; includeInIndex = 1; lastKnownFileType = text.xcconfig; name = "Pods-ViperModuleTemplate.debug.xcconfig"; path = "Pods/Target Support Files/Pods-ViperModuleTemplate/Pods-ViperModuleTemplate.debug.xcconfig"; sourceTree = "<group>"; };
		3E524EA13923E8608483C443 /* Pods-ViperModuleTemplate.release.xcconfig */ = {isa = PBXFileReference; includeInIndex = 1; lastKnownFileType = text.xcconfig; name = "Pods-ViperModuleTemplate.release.xcconfig"; path = "Pods/Target Support Files/Pods-ViperModuleTemplate/Pods-ViperModuleTemplate.release.xcconfig"; sourceTree = "<group>"; };
		5BE726521FF10244F63FC2AD /* Pods-ViperModuleTemplateTests.release.xcconfig */ = {isa = PBXFileReference; includeInIndex = 1; lastKnownFileType = text.xcconfig; name = "Pods-ViperModuleTemplateTests.release.xcconfig"; path = "Pods/Target Support Files/Pods-ViperModuleTemplateTests/Pods-ViperModuleTemplateTests.release.xcconfig"; sourceTree = "<group>"; };
		6250CA3CA5ABAF8919BCCC6B /* Pods_ViperModuleTemplateTests.framework */ = {isa = PBXFileReference; explicitFileType = wrapper.framework; includeInIndex = 0; path = Pods_ViperModuleTemplateTests.framework; sourceTree = BUILT_PRODUCTS_DIR; };
		B13B090795BB583AAB6B00BE /* Pods_ViperModuleTemplateUITests.framework */ = {isa = PBXFileReference; explicitFileType = wrapper.framework; includeInIndex = 0; path = Pods_ViperModuleTemplateUITests.framework; sourceTree = BUILT_PRODUCTS_DIR; };
		B25489C91EDC86B0008F263B /* ___FILEBASENAME___ModuleStack.swift */ = {isa = PBXFileReference; fileEncoding = 4; lastKnownFileType = sourcecode.swift; path = "___FILEBASENAME___ModuleStack.swift"; sourceTree = "<group>"; };
		B25489CB1EDC86B0008F263B /* ___FILEBASENAME___DataManager.swift */ = {isa = PBXFileReference; fileEncoding = 4; lastKnownFileType = sourcecode.swift; path = "___FILEBASENAME___DataManager.swift"; sourceTree = "<group>"; };
		B25489CC1EDC86B0008F263B /* ___FILEBASENAME___DataManagerProtocols.swift */ = {isa = PBXFileReference; fileEncoding = 4; lastKnownFileType = sourcecode.swift; path = "___FILEBASENAME___DataManagerProtocols.swift"; sourceTree = "<group>"; };
		B25489CE1EDC86B0008F263B /* ___FILEBASENAME___Interactor.swift */ = {isa = PBXFileReference; fileEncoding = 4; lastKnownFileType = sourcecode.swift; path = "___FILEBASENAME___Interactor.swift"; sourceTree = "<group>"; };
		B25489CF1EDC86B0008F263B /* ___FILEBASENAME___InteractorProtocols.swift */ = {isa = PBXFileReference; fileEncoding = 4; lastKnownFileType = sourcecode.swift; path = "___FILEBASENAME___InteractorProtocols.swift"; sourceTree = "<group>"; };
		B25489D11EDC86B0008F263B /* ___FILEBASENAME___ModuleDelegate.swift */ = {isa = PBXFileReference; fileEncoding = 4; lastKnownFileType = sourcecode.swift; path = "___FILEBASENAME___ModuleDelegate.swift"; sourceTree = "<group>"; };
		B25489D21EDC86B0008F263B /* ___FILEBASENAME___Presenter.swift */ = {isa = PBXFileReference; fileEncoding = 4; lastKnownFileType = sourcecode.swift; path = "___FILEBASENAME___Presenter.swift"; sourceTree = "<group>"; };
		B25489D41EDC86B0008F263B /* ___FILEBASENAME___Router.swift */ = {isa = PBXFileReference; fileEncoding = 4; lastKnownFileType = sourcecode.swift; path = "___FILEBASENAME___Router.swift"; sourceTree = "<group>"; };
		B25489D51EDC86B0008F263B /* ___FILEBASENAME___RouterInterface.swift */ = {isa = PBXFileReference; fileEncoding = 4; lastKnownFileType = sourcecode.swift; path = "___FILEBASENAME___RouterInterface.swift"; sourceTree = "<group>"; };
		B25489D61EDC86B0008F263B /* ___FILEBASENAME___RouterTests.swift */ = {isa = PBXFileReference; fileEncoding = 4; lastKnownFileType = sourcecode.swift; path = "___FILEBASENAME___RouterTests.swift"; sourceTree = "<group>"; };
		B25489D81EDC86B0008F263B /* ___FILEBASENAME___ViewController.swift */ = {isa = PBXFileReference; fileEncoding = 4; lastKnownFileType = sourcecode.swift; path = "___FILEBASENAME___ViewController.swift"; sourceTree = "<group>"; };
		B25489D91EDC86B0008F263B /* ___FILEBASENAME___ViewProtocols.swift */ = {isa = PBXFileReference; fileEncoding = 4; lastKnownFileType = sourcecode.swift; path = "___FILEBASENAME___ViewProtocols.swift"; sourceTree = "<group>"; };
		B2771F3B1ED845DD00D7C3C6 /* ViperModuleTemplate.app */ = {isa = PBXFileReference; explicitFileType = wrapper.application; includeInIndex = 0; path = ViperModuleTemplate.app; sourceTree = BUILT_PRODUCTS_DIR; };
		B2771F3E1ED845DD00D7C3C6 /* AppDelegate.swift */ = {isa = PBXFileReference; lastKnownFileType = sourcecode.swift; path = AppDelegate.swift; sourceTree = "<group>"; };
		B2771F401ED845DD00D7C3C6 /* ViewController.swift */ = {isa = PBXFileReference; lastKnownFileType = sourcecode.swift; path = ViewController.swift; sourceTree = "<group>"; };
		B2771F431ED845DD00D7C3C6 /* Base */ = {isa = PBXFileReference; lastKnownFileType = file.storyboard; name = Base; path = Base.lproj/Main.storyboard; sourceTree = "<group>"; };
		B2771F451ED845DD00D7C3C6 /* Assets.xcassets */ = {isa = PBXFileReference; lastKnownFileType = folder.assetcatalog; path = Assets.xcassets; sourceTree = "<group>"; };
		B2771F481ED845DD00D7C3C6 /* Base */ = {isa = PBXFileReference; lastKnownFileType = file.storyboard; name = Base; path = Base.lproj/LaunchScreen.storyboard; sourceTree = "<group>"; };
		B2771F4A1ED845DD00D7C3C6 /* Info.plist */ = {isa = PBXFileReference; lastKnownFileType = text.plist.xml; path = Info.plist; sourceTree = "<group>"; };
		B2771F4F1ED845DD00D7C3C6 /* ViperModuleTemplateTests.xctest */ = {isa = PBXFileReference; explicitFileType = wrapper.cfbundle; includeInIndex = 0; path = ViperModuleTemplateTests.xctest; sourceTree = BUILT_PRODUCTS_DIR; };
		B2771F531ED845DD00D7C3C6 /* ViperModuleTemplateTests.swift */ = {isa = PBXFileReference; lastKnownFileType = sourcecode.swift; path = ViperModuleTemplateTests.swift; sourceTree = "<group>"; };
		B2771F551ED845DD00D7C3C6 /* Info.plist */ = {isa = PBXFileReference; lastKnownFileType = text.plist.xml; path = Info.plist; sourceTree = "<group>"; };
		B2771F5A1ED845DD00D7C3C6 /* ViperModuleTemplateUITests.xctest */ = {isa = PBXFileReference; explicitFileType = wrapper.cfbundle; includeInIndex = 0; path = ViperModuleTemplateUITests.xctest; sourceTree = BUILT_PRODUCTS_DIR; };
		B2771F5E1ED845DE00D7C3C6 /* ViperModuleTemplateUITests.swift */ = {isa = PBXFileReference; lastKnownFileType = sourcecode.swift; path = ViperModuleTemplateUITests.swift; sourceTree = "<group>"; };
		B2771F601ED845DE00D7C3C6 /* Info.plist */ = {isa = PBXFileReference; lastKnownFileType = text.plist.xml; path = Info.plist; sourceTree = "<group>"; };
		E04BBA6D14882EB51E037BF2 /* Pods_ViperModuleTemplate.framework */ = {isa = PBXFileReference; explicitFileType = wrapper.framework; includeInIndex = 0; path = Pods_ViperModuleTemplate.framework; sourceTree = BUILT_PRODUCTS_DIR; };
		EBA09A74D8680E24A6F09287 /* Pods-ViperModuleTemplateUITests.release.xcconfig */ = {isa = PBXFileReference; includeInIndex = 1; lastKnownFileType = text.xcconfig; name = "Pods-ViperModuleTemplateUITests.release.xcconfig"; path = "Pods/Target Support Files/Pods-ViperModuleTemplateUITests/Pods-ViperModuleTemplateUITests.release.xcconfig"; sourceTree = "<group>"; };
/* End PBXFileReference section */

/* Begin PBXFrameworksBuildPhase section */
		B2771F381ED845DD00D7C3C6 /* Frameworks */ = {
			isa = PBXFrameworksBuildPhase;
			buildActionMask = 2147483647;
			files = (
				2E91E32C527D4FCDD54DD020 /* Pods_ViperModuleTemplate.framework in Frameworks */,
			);
			runOnlyForDeploymentPostprocessing = 0;
		};
		B2771F4C1ED845DD00D7C3C6 /* Frameworks */ = {
			isa = PBXFrameworksBuildPhase;
			buildActionMask = 2147483647;
			files = (
				DB2ECF22E30DFFAD9AFF299F /* Pods_ViperModuleTemplateTests.framework in Frameworks */,
			);
			runOnlyForDeploymentPostprocessing = 0;
		};
		B2771F571ED845DD00D7C3C6 /* Frameworks */ = {
			isa = PBXFrameworksBuildPhase;
			buildActionMask = 2147483647;
			files = (
				55400CC1E838861DD19B9A3A /* Pods_ViperModuleTemplateUITests.framework in Frameworks */,
			);
			runOnlyForDeploymentPostprocessing = 0;
		};
/* End PBXFrameworksBuildPhase section */

/* Begin PBXGroup section */
		1269C81F26F853D07553253A /* Frameworks */ = {
			isa = PBXGroup;
			children = (
				E04BBA6D14882EB51E037BF2 /* Pods_ViperModuleTemplate.framework */,
				6250CA3CA5ABAF8919BCCC6B /* Pods_ViperModuleTemplateTests.framework */,
				B13B090795BB583AAB6B00BE /* Pods_ViperModuleTemplateUITests.framework */,
			);
			name = Frameworks;
			sourceTree = "<group>";
		};
		324C776ED7C9E0DED855C981 /* Pods */ = {
			isa = PBXGroup;
			children = (
				3519363C5ABAF30A14E62E94 /* Pods-ViperModuleTemplate.debug.xcconfig */,
				3E524EA13923E8608483C443 /* Pods-ViperModuleTemplate.release.xcconfig */,
				2BBCBD1F9A059E04A1AA1C58 /* Pods-ViperModuleTemplateTests.debug.xcconfig */,
				5BE726521FF10244F63FC2AD /* Pods-ViperModuleTemplateTests.release.xcconfig */,
				0396865F1C75FA724D30D3C9 /* Pods-ViperModuleTemplateUITests.debug.xcconfig */,
				EBA09A74D8680E24A6F09287 /* Pods-ViperModuleTemplateUITests.release.xcconfig */,
			);
			name = Pods;
			sourceTree = "<group>";
		};
		B25489C81EDC86B0008F263B /* ViperModule */ = {
			isa = PBXGroup;
			children = (
				B25489C91EDC86B0008F263B /* ___FILEBASENAME___ModuleStack.swift */,
				B25489CA1EDC86B0008F263B /* DataManager */,
				B25489CD1EDC86B0008F263B /* Interactor */,
				B25489D01EDC86B0008F263B /* Presenter */,
				B25489D31EDC86B0008F263B /* Router */,
				B25489D71EDC86B0008F263B /* View */,
			);
			path = ViperModule;
			sourceTree = "<group>";
		};
		B25489CA1EDC86B0008F263B /* DataManager */ = {
			isa = PBXGroup;
			children = (
				B25489CB1EDC86B0008F263B /* ___FILEBASENAME___DataManager.swift */,
				B25489CC1EDC86B0008F263B /* ___FILEBASENAME___DataManagerProtocols.swift */,
			);
			path = DataManager;
			sourceTree = "<group>";
		};
		B25489CD1EDC86B0008F263B /* Interactor */ = {
			isa = PBXGroup;
			children = (
				B25489CE1EDC86B0008F263B /* ___FILEBASENAME___Interactor.swift */,
				B25489CF1EDC86B0008F263B /* ___FILEBASENAME___InteractorProtocols.swift */,
			);
			path = Interactor;
			sourceTree = "<group>";
		};
		B25489D01EDC86B0008F263B /* Presenter */ = {
			isa = PBXGroup;
			children = (
				B25489D11EDC86B0008F263B /* ___FILEBASENAME___ModuleDelegate.swift */,
				B25489D21EDC86B0008F263B /* ___FILEBASENAME___Presenter.swift */,
			);
			path = Presenter;
			sourceTree = "<group>";
		};
		B25489D31EDC86B0008F263B /* Router */ = {
			isa = PBXGroup;
			children = (
				B25489D41EDC86B0008F263B /* ___FILEBASENAME___Router.swift */,
				B25489D51EDC86B0008F263B /* ___FILEBASENAME___RouterInterface.swift */,
				B25489D61EDC86B0008F263B /* ___FILEBASENAME___RouterTests.swift */,
			);
			path = Router;
			sourceTree = "<group>";
		};
		B25489D71EDC86B0008F263B /* View */ = {
			isa = PBXGroup;
			children = (
				B25489D81EDC86B0008F263B /* ___FILEBASENAME___ViewController.swift */,
				B25489D91EDC86B0008F263B /* ___FILEBASENAME___ViewProtocols.swift */,
			);
			path = View;
			sourceTree = "<group>";
		};
		B2771F321ED845DD00D7C3C6 = {
			isa = PBXGroup;
			children = (
				B2771F3D1ED845DD00D7C3C6 /* ViperModuleTemplate */,
				B2771F521ED845DD00D7C3C6 /* ViperModuleTemplateTests */,
				B2771F5D1ED845DE00D7C3C6 /* ViperModuleTemplateUITests */,
				B2771F3C1ED845DD00D7C3C6 /* Products */,
				324C776ED7C9E0DED855C981 /* Pods */,
				1269C81F26F853D07553253A /* Frameworks */,
			);
			sourceTree = "<group>";
		};
		B2771F3C1ED845DD00D7C3C6 /* Products */ = {
			isa = PBXGroup;
			children = (
				B2771F3B1ED845DD00D7C3C6 /* ViperModuleTemplate.app */,
				B2771F4F1ED845DD00D7C3C6 /* ViperModuleTemplateTests.xctest */,
				B2771F5A1ED845DD00D7C3C6 /* ViperModuleTemplateUITests.xctest */,
			);
			name = Products;
			sourceTree = "<group>";
		};
		B2771F3D1ED845DD00D7C3C6 /* ViperModuleTemplate */ = {
			isa = PBXGroup;
			children = (
				B2771F3E1ED845DD00D7C3C6 /* AppDelegate.swift */,
				B2771F401ED845DD00D7C3C6 /* ViewController.swift */,
				B2771F421ED845DD00D7C3C6 /* Main.storyboard */,
				B2771F451ED845DD00D7C3C6 /* Assets.xcassets */,
				B2771F471ED845DD00D7C3C6 /* LaunchScreen.storyboard */,
				B2771F4A1ED845DD00D7C3C6 /* Info.plist */,
				B25489C81EDC86B0008F263B /* ViperModule */,
			);
			path = ViperModuleTemplate;
			sourceTree = "<group>";
		};
		B2771F521ED845DD00D7C3C6 /* ViperModuleTemplateTests */ = {
			isa = PBXGroup;
			children = (
				B2771F531ED845DD00D7C3C6 /* ViperModuleTemplateTests.swift */,
				B2771F551ED845DD00D7C3C6 /* Info.plist */,
			);
			path = ViperModuleTemplateTests;
			sourceTree = "<group>";
		};
		B2771F5D1ED845DE00D7C3C6 /* ViperModuleTemplateUITests */ = {
			isa = PBXGroup;
			children = (
				B2771F5E1ED845DE00D7C3C6 /* ViperModuleTemplateUITests.swift */,
				B2771F601ED845DE00D7C3C6 /* Info.plist */,
			);
			path = ViperModuleTemplateUITests;
			sourceTree = "<group>";
		};
/* End PBXGroup section */

/* Begin PBXNativeTarget section */
		B2771F3A1ED845DD00D7C3C6 /* ViperModuleTemplate */ = {
			isa = PBXNativeTarget;
			buildConfigurationList = B2771F631ED845DE00D7C3C6 /* Build configuration list for PBXNativeTarget "ViperModuleTemplate" */;
			buildPhases = (
				EC935091C5A28E2798833CCF /* [CP] Check Pods Manifest.lock */,
				B2771F371ED845DD00D7C3C6 /* Sources */,
				B2771F381ED845DD00D7C3C6 /* Frameworks */,
				B2771F391ED845DD00D7C3C6 /* Resources */,
				624F5390C18E241A9D377B80 /* [CP] Embed Pods Frameworks */,
				EE0645FD0EB5EFDCE8B71142 /* [CP] Copy Pods Resources */,
				B26864711EE6C7C50040FD78 /* ShellScript */,
			);
			buildRules = (
			);
			dependencies = (
			);
			name = ViperModuleTemplate;
			productName = ViperModuleTemplate;
			productReference = B2771F3B1ED845DD00D7C3C6 /* ViperModuleTemplate.app */;
			productType = "com.apple.product-type.application";
		};
		B2771F4E1ED845DD00D7C3C6 /* ViperModuleTemplateTests */ = {
			isa = PBXNativeTarget;
			buildConfigurationList = B2771F661ED845DE00D7C3C6 /* Build configuration list for PBXNativeTarget "ViperModuleTemplateTests" */;
			buildPhases = (
				FA9F5DE50B3773D8ADE978A1 /* [CP] Check Pods Manifest.lock */,
				B2771F4B1ED845DD00D7C3C6 /* Sources */,
				B2771F4C1ED845DD00D7C3C6 /* Frameworks */,
				B2771F4D1ED845DD00D7C3C6 /* Resources */,
				558B2080FB90721932CC24D4 /* [CP] Embed Pods Frameworks */,
				44BE3ACFB58460254DD372C7 /* [CP] Copy Pods Resources */,
			);
			buildRules = (
			);
			dependencies = (
				B2771F511ED845DD00D7C3C6 /* PBXTargetDependency */,
			);
			name = ViperModuleTemplateTests;
			productName = ViperModuleTemplateTests;
			productReference = B2771F4F1ED845DD00D7C3C6 /* ViperModuleTemplateTests.xctest */;
			productType = "com.apple.product-type.bundle.unit-test";
		};
		B2771F591ED845DD00D7C3C6 /* ViperModuleTemplateUITests */ = {
			isa = PBXNativeTarget;
			buildConfigurationList = B2771F691ED845DE00D7C3C6 /* Build configuration list for PBXNativeTarget "ViperModuleTemplateUITests" */;
			buildPhases = (
				D8BBB20F006F3E5889F62A5B /* [CP] Check Pods Manifest.lock */,
				B2771F561ED845DD00D7C3C6 /* Sources */,
				B2771F571ED845DD00D7C3C6 /* Frameworks */,
				B2771F581ED845DD00D7C3C6 /* Resources */,
				D169442EEC87E4F07E3BE1CA /* [CP] Embed Pods Frameworks */,
				C70EC55418C608B176F860BC /* [CP] Copy Pods Resources */,
			);
			buildRules = (
			);
			dependencies = (
				B2771F5C1ED845DE00D7C3C6 /* PBXTargetDependency */,
			);
			name = ViperModuleTemplateUITests;
			productName = ViperModuleTemplateUITests;
			productReference = B2771F5A1ED845DD00D7C3C6 /* ViperModuleTemplateUITests.xctest */;
			productType = "com.apple.product-type.bundle.ui-testing";
		};
/* End PBXNativeTarget section */

/* Begin PBXProject section */
		B2771F331ED845DD00D7C3C6 /* Project object */ = {
			isa = PBXProject;
			attributes = {
				LastSwiftUpdateCheck = 0830;
				LastUpgradeCheck = 0830;
				ORGANIZATIONNAME = "Cybercom Poland";
				TargetAttributes = {
					B2771F3A1ED845DD00D7C3C6 = {
						CreatedOnToolsVersion = 8.3.2;
						DevelopmentTeam = C6P2EMH7KR;
						ProvisioningStyle = Automatic;
					};
					B2771F4E1ED845DD00D7C3C6 = {
						CreatedOnToolsVersion = 8.3.2;
						DevelopmentTeam = C6P2EMH7KR;
						ProvisioningStyle = Automatic;
						TestTargetID = B2771F3A1ED845DD00D7C3C6;
					};
					B2771F591ED845DD00D7C3C6 = {
						CreatedOnToolsVersion = 8.3.2;
						DevelopmentTeam = C6P2EMH7KR;
						ProvisioningStyle = Automatic;
						TestTargetID = B2771F3A1ED845DD00D7C3C6;
					};
				};
			};
			buildConfigurationList = B2771F361ED845DD00D7C3C6 /* Build configuration list for PBXProject "ViperModuleTemplate" */;
			compatibilityVersion = "Xcode 3.2";
			developmentRegion = English;
			hasScannedForEncodings = 0;
			knownRegions = (
				en,
				Base,
			);
			mainGroup = B2771F321ED845DD00D7C3C6;
			productRefGroup = B2771F3C1ED845DD00D7C3C6 /* Products */;
			projectDirPath = "";
			projectRoot = "";
			targets = (
				B2771F3A1ED845DD00D7C3C6 /* ViperModuleTemplate */,
				B2771F4E1ED845DD00D7C3C6 /* ViperModuleTemplateTests */,
				B2771F591ED845DD00D7C3C6 /* ViperModuleTemplateUITests */,
			);
		};
/* End PBXProject section */

/* Begin PBXResourcesBuildPhase section */
		B2771F391ED845DD00D7C3C6 /* Resources */ = {
			isa = PBXResourcesBuildPhase;
			buildActionMask = 2147483647;
			files = (
				B2771F491ED845DD00D7C3C6 /* LaunchScreen.storyboard in Resources */,
				B2771F461ED845DD00D7C3C6 /* Assets.xcassets in Resources */,
				B2771F441ED845DD00D7C3C6 /* Main.storyboard in Resources */,
			);
			runOnlyForDeploymentPostprocessing = 0;
		};
		B2771F4D1ED845DD00D7C3C6 /* Resources */ = {
			isa = PBXResourcesBuildPhase;
			buildActionMask = 2147483647;
			files = (
			);
			runOnlyForDeploymentPostprocessing = 0;
		};
		B2771F581ED845DD00D7C3C6 /* Resources */ = {
			isa = PBXResourcesBuildPhase;
			buildActionMask = 2147483647;
			files = (
			);
			runOnlyForDeploymentPostprocessing = 0;
		};
/* End PBXResourcesBuildPhase section */

/* Begin PBXShellScriptBuildPhase section */
		44BE3ACFB58460254DD372C7 /* [CP] Copy Pods Resources */ = {
			isa = PBXShellScriptBuildPhase;
			buildActionMask = 2147483647;
			files = (
			);
			inputPaths = (
			);
			name = "[CP] Copy Pods Resources";
			outputPaths = (
			);
			runOnlyForDeploymentPostprocessing = 0;
			shellPath = /bin/sh;
			shellScript = "\"${SRCROOT}/Pods/Target Support Files/Pods-ViperModuleTemplateTests/Pods-ViperModuleTemplateTests-resources.sh\"\n";
			showEnvVarsInLog = 0;
		};
		558B2080FB90721932CC24D4 /* [CP] Embed Pods Frameworks */ = {
			isa = PBXShellScriptBuildPhase;
			buildActionMask = 2147483647;
			files = (
			);
			inputPaths = (
			);
			name = "[CP] Embed Pods Frameworks";
			outputPaths = (
			);
			runOnlyForDeploymentPostprocessing = 0;
			shellPath = /bin/sh;
			shellScript = "\"${SRCROOT}/Pods/Target Support Files/Pods-ViperModuleTemplateTests/Pods-ViperModuleTemplateTests-frameworks.sh\"\n";
			showEnvVarsInLog = 0;
		};
		624F5390C18E241A9D377B80 /* [CP] Embed Pods Frameworks */ = {
			isa = PBXShellScriptBuildPhase;
			buildActionMask = 2147483647;
			files = (
			);
			inputPaths = (
			);
			name = "[CP] Embed Pods Frameworks";
			outputPaths = (
			);
			runOnlyForDeploymentPostprocessing = 0;
			shellPath = /bin/sh;
			shellScript = "\"${SRCROOT}/Pods/Target Support Files/Pods-ViperModuleTemplate/Pods-ViperModuleTemplate-frameworks.sh\"\n";
			showEnvVarsInLog = 0;
		};
		B26864711EE6C7C50040FD78 /* ShellScript */ = {
			isa = PBXShellScriptBuildPhase;
			buildActionMask = 2147483647;
			files = (
			);
			inputPaths = (
			);
			outputPaths = (
			);
			runOnlyForDeploymentPostprocessing = 0;
			shellPath = /bin/sh;
			shellScript = "\"${PODS_ROOT}/SwiftLint/swiftlint\"";
		};
		C70EC55418C608B176F860BC /* [CP] Copy Pods Resources */ = {
			isa = PBXShellScriptBuildPhase;
			buildActionMask = 2147483647;
			files = (
			);
			inputPaths = (
			);
			name = "[CP] Copy Pods Resources";
			outputPaths = (
			);
			runOnlyForDeploymentPostprocessing = 0;
			shellPath = /bin/sh;
			shellScript = "\"${SRCROOT}/Pods/Target Support Files/Pods-ViperModuleTemplateUITests/Pods-ViperModuleTemplateUITests-resources.sh\"\n";
			showEnvVarsInLog = 0;
		};
		D169442EEC87E4F07E3BE1CA /* [CP] Embed Pods Frameworks */ = {
			isa = PBXShellScriptBuildPhase;
			buildActionMask = 2147483647;
			files = (
			);
			inputPaths = (
			);
			name = "[CP] Embed Pods Frameworks";
			outputPaths = (
			);
			runOnlyForDeploymentPostprocessing = 0;
			shellPath = /bin/sh;
			shellScript = "\"${SRCROOT}/Pods/Target Support Files/Pods-ViperModuleTemplateUITests/Pods-ViperModuleTemplateUITests-frameworks.sh\"\n";
			showEnvVarsInLog = 0;
		};
		D8BBB20F006F3E5889F62A5B /* [CP] Check Pods Manifest.lock */ = {
			isa = PBXShellScriptBuildPhase;
			buildActionMask = 2147483647;
			files = (
			);
			inputPaths = (
			);
			name = "[CP] Check Pods Manifest.lock";
			outputPaths = (
			);
			runOnlyForDeploymentPostprocessing = 0;
			shellPath = /bin/sh;
			shellScript = "diff \"${PODS_ROOT}/../Podfile.lock\" \"${PODS_ROOT}/Manifest.lock\" > /dev/null\nif [ $? != 0 ] ; then\n    # print error to STDERR\n    echo \"error: The sandbox is not in sync with the Podfile.lock. Run 'pod install' or update your CocoaPods installation.\" >&2\n    exit 1\nfi\n";
			showEnvVarsInLog = 0;
		};
		EC935091C5A28E2798833CCF /* [CP] Check Pods Manifest.lock */ = {
			isa = PBXShellScriptBuildPhase;
			buildActionMask = 2147483647;
			files = (
			);
			inputPaths = (
			);
			name = "[CP] Check Pods Manifest.lock";
			outputPaths = (
			);
			runOnlyForDeploymentPostprocessing = 0;
			shellPath = /bin/sh;
			shellScript = "diff \"${PODS_ROOT}/../Podfile.lock\" \"${PODS_ROOT}/Manifest.lock\" > /dev/null\nif [ $? != 0 ] ; then\n    # print error to STDERR\n    echo \"error: The sandbox is not in sync with the Podfile.lock. Run 'pod install' or update your CocoaPods installation.\" >&2\n    exit 1\nfi\n";
			showEnvVarsInLog = 0;
		};
		EE0645FD0EB5EFDCE8B71142 /* [CP] Copy Pods Resources */ = {
			isa = PBXShellScriptBuildPhase;
			buildActionMask = 2147483647;
			files = (
			);
			inputPaths = (
			);
			name = "[CP] Copy Pods Resources";
			outputPaths = (
			);
			runOnlyForDeploymentPostprocessing = 0;
			shellPath = /bin/sh;
			shellScript = "\"${SRCROOT}/Pods/Target Support Files/Pods-ViperModuleTemplate/Pods-ViperModuleTemplate-resources.sh\"\n";
			showEnvVarsInLog = 0;
		};
		FA9F5DE50B3773D8ADE978A1 /* [CP] Check Pods Manifest.lock */ = {
			isa = PBXShellScriptBuildPhase;
			buildActionMask = 2147483647;
			files = (
			);
			inputPaths = (
			);
			name = "[CP] Check Pods Manifest.lock";
			outputPaths = (
			);
			runOnlyForDeploymentPostprocessing = 0;
			shellPath = /bin/sh;
			shellScript = "diff \"${PODS_ROOT}/../Podfile.lock\" \"${PODS_ROOT}/Manifest.lock\" > /dev/null\nif [ $? != 0 ] ; then\n    # print error to STDERR\n    echo \"error: The sandbox is not in sync with the Podfile.lock. Run 'pod install' or update your CocoaPods installation.\" >&2\n    exit 1\nfi\n";
			showEnvVarsInLog = 0;
		};
/* End PBXShellScriptBuildPhase section */

/* Begin PBXSourcesBuildPhase section */
		B2771F371ED845DD00D7C3C6 /* Sources */ = {
			isa = PBXSourcesBuildPhase;
			buildActionMask = 2147483647;
			files = (
				B25489E11EDC86B0008F263B /* ___FILEBASENAME___Router.swift in Sources */,
				B25489DA1EDC86B0008F263B /* ___FILEBASENAME___ModuleStack.swift in Sources */,
				B25489E51EDC86B0008F263B /* ___FILEBASENAME___ViewProtocols.swift in Sources */,
				B25489DB1EDC86B0008F263B /* ___FILEBASENAME___DataManager.swift in Sources */,
				B25489DD1EDC86B0008F263B /* ___FILEBASENAME___Interactor.swift in Sources */,
				B25489E41EDC86B0008F263B /* ___FILEBASENAME___ViewController.swift in Sources */,
				B2771F411ED845DD00D7C3C6 /* ViewController.swift in Sources */,
				B25489E01EDC86B0008F263B /* ___FILEBASENAME___Presenter.swift in Sources */,
				B25489E21EDC86B0008F263B /* ___FILEBASENAME___RouterInterface.swift in Sources */,
				B25489DC1EDC86B0008F263B /* ___FILEBASENAME___DataManagerProtocols.swift in Sources */,
				B25489DF1EDC86B0008F263B /* ___FILEBASENAME___ModuleDelegate.swift in Sources */,
				B2771F3F1ED845DD00D7C3C6 /* AppDelegate.swift in Sources */,
				B25489DE1EDC86B0008F263B /* ___FILEBASENAME___InteractorProtocols.swift in Sources */,
			);
			runOnlyForDeploymentPostprocessing = 0;
		};
		B2771F4B1ED845DD00D7C3C6 /* Sources */ = {
			isa = PBXSourcesBuildPhase;
			buildActionMask = 2147483647;
			files = (
				B26864721EE6C8180040FD78 /* ___FILEBASENAME___RouterTests.swift in Sources */,
				B2771F541ED845DD00D7C3C6 /* ViperModuleTemplateTests.swift in Sources */,
			);
			runOnlyForDeploymentPostprocessing = 0;
		};
		B2771F561ED845DD00D7C3C6 /* Sources */ = {
			isa = PBXSourcesBuildPhase;
			buildActionMask = 2147483647;
			files = (
				B2771F5F1ED845DE00D7C3C6 /* ViperModuleTemplateUITests.swift in Sources */,
			);
			runOnlyForDeploymentPostprocessing = 0;
		};
/* End PBXSourcesBuildPhase section */

/* Begin PBXTargetDependency section */
		B2771F511ED845DD00D7C3C6 /* PBXTargetDependency */ = {
			isa = PBXTargetDependency;
			target = B2771F3A1ED845DD00D7C3C6 /* ViperModuleTemplate */;
			targetProxy = B2771F501ED845DD00D7C3C6 /* PBXContainerItemProxy */;
		};
		B2771F5C1ED845DE00D7C3C6 /* PBXTargetDependency */ = {
			isa = PBXTargetDependency;
			target = B2771F3A1ED845DD00D7C3C6 /* ViperModuleTemplate */;
			targetProxy = B2771F5B1ED845DE00D7C3C6 /* PBXContainerItemProxy */;
		};
/* End PBXTargetDependency section */

/* Begin PBXVariantGroup section */
		B2771F421ED845DD00D7C3C6 /* Main.storyboard */ = {
			isa = PBXVariantGroup;
			children = (
				B2771F431ED845DD00D7C3C6 /* Base */,
			);
			name = Main.storyboard;
			sourceTree = "<group>";
		};
		B2771F471ED845DD00D7C3C6 /* LaunchScreen.storyboard */ = {
			isa = PBXVariantGroup;
			children = (
				B2771F481ED845DD00D7C3C6 /* Base */,
			);
			name = LaunchScreen.storyboard;
			sourceTree = "<group>";
		};
/* End PBXVariantGroup section */

/* Begin XCBuildConfiguration section */
		B2771F611ED845DE00D7C3C6 /* Debug */ = {
			isa = XCBuildConfiguration;
			buildSettings = {
				ALWAYS_SEARCH_USER_PATHS = NO;
				CLANG_ANALYZER_NONNULL = YES;
				CLANG_ANALYZER_NUMBER_OBJECT_CONVERSION = YES_AGGRESSIVE;
				CLANG_CXX_LANGUAGE_STANDARD = "gnu++0x";
				CLANG_CXX_LIBRARY = "libc++";
				CLANG_ENABLE_MODULES = YES;
				CLANG_ENABLE_OBJC_ARC = YES;
				CLANG_WARN_BOOL_CONVERSION = YES;
				CLANG_WARN_CONSTANT_CONVERSION = YES;
				CLANG_WARN_DIRECT_OBJC_ISA_USAGE = YES_ERROR;
				CLANG_WARN_DOCUMENTATION_COMMENTS = YES;
				CLANG_WARN_EMPTY_BODY = YES;
				CLANG_WARN_ENUM_CONVERSION = YES;
				CLANG_WARN_INFINITE_RECURSION = YES;
				CLANG_WARN_INT_CONVERSION = YES;
				CLANG_WARN_OBJC_ROOT_CLASS = YES_ERROR;
				CLANG_WARN_SUSPICIOUS_MOVE = YES;
				CLANG_WARN_UNREACHABLE_CODE = YES;
				CLANG_WARN__DUPLICATE_METHOD_MATCH = YES;
				"CODE_SIGN_IDENTITY[sdk=iphoneos*]" = "iPhone Developer";
				COPY_PHASE_STRIP = NO;
				DEBUG_INFORMATION_FORMAT = dwarf;
				ENABLE_STRICT_OBJC_MSGSEND = YES;
				ENABLE_TESTABILITY = YES;
				GCC_C_LANGUAGE_STANDARD = gnu99;
				GCC_DYNAMIC_NO_PIC = NO;
				GCC_NO_COMMON_BLOCKS = YES;
				GCC_OPTIMIZATION_LEVEL = 0;
				GCC_PREPROCESSOR_DEFINITIONS = (
					"DEBUG=1",
					"$(inherited)",
				);
				GCC_WARN_64_TO_32_BIT_CONVERSION = YES;
				GCC_WARN_ABOUT_RETURN_TYPE = YES_ERROR;
				GCC_WARN_UNDECLARED_SELECTOR = YES;
				GCC_WARN_UNINITIALIZED_AUTOS = YES_AGGRESSIVE;
				GCC_WARN_UNUSED_FUNCTION = YES;
				GCC_WARN_UNUSED_VARIABLE = YES;
				IPHONEOS_DEPLOYMENT_TARGET = 10.3;
				MTL_ENABLE_DEBUG_INFO = YES;
				ONLY_ACTIVE_ARCH = YES;
				SDKROOT = iphoneos;
				SWIFT_ACTIVE_COMPILATION_CONDITIONS = DEBUG;
				SWIFT_OPTIMIZATION_LEVEL = "-Onone";
				TARGETED_DEVICE_FAMILY = "1,2";
			};
			name = Debug;
		};
		B2771F621ED845DE00D7C3C6 /* Release */ = {
			isa = XCBuildConfiguration;
			buildSettings = {
				ALWAYS_SEARCH_USER_PATHS = NO;
				CLANG_ANALYZER_NONNULL = YES;
				CLANG_ANALYZER_NUMBER_OBJECT_CONVERSION = YES_AGGRESSIVE;
				CLANG_CXX_LANGUAGE_STANDARD = "gnu++0x";
				CLANG_CXX_LIBRARY = "libc++";
				CLANG_ENABLE_MODULES = YES;
				CLANG_ENABLE_OBJC_ARC = YES;
				CLANG_WARN_BOOL_CONVERSION = YES;
				CLANG_WARN_CONSTANT_CONVERSION = YES;
				CLANG_WARN_DIRECT_OBJC_ISA_USAGE = YES_ERROR;
				CLANG_WARN_DOCUMENTATION_COMMENTS = YES;
				CLANG_WARN_EMPTY_BODY = YES;
				CLANG_WARN_ENUM_CONVERSION = YES;
				CLANG_WARN_INFINITE_RECURSION = YES;
				CLANG_WARN_INT_CONVERSION = YES;
				CLANG_WARN_OBJC_ROOT_CLASS = YES_ERROR;
				CLANG_WARN_SUSPICIOUS_MOVE = YES;
				CLANG_WARN_UNREACHABLE_CODE = YES;
				CLANG_WARN__DUPLICATE_METHOD_MATCH = YES;
				"CODE_SIGN_IDENTITY[sdk=iphoneos*]" = "iPhone Developer";
				COPY_PHASE_STRIP = NO;
				DEBUG_INFORMATION_FORMAT = "dwarf-with-dsym";
				ENABLE_NS_ASSERTIONS = NO;
				ENABLE_STRICT_OBJC_MSGSEND = YES;
				GCC_C_LANGUAGE_STANDARD = gnu99;
				GCC_NO_COMMON_BLOCKS = YES;
				GCC_WARN_64_TO_32_BIT_CONVERSION = YES;
				GCC_WARN_ABOUT_RETURN_TYPE = YES_ERROR;
				GCC_WARN_UNDECLARED_SELECTOR = YES;
				GCC_WARN_UNINITIALIZED_AUTOS = YES_AGGRESSIVE;
				GCC_WARN_UNUSED_FUNCTION = YES;
				GCC_WARN_UNUSED_VARIABLE = YES;
				IPHONEOS_DEPLOYMENT_TARGET = 10.3;
				MTL_ENABLE_DEBUG_INFO = NO;
				SDKROOT = iphoneos;
				SWIFT_OPTIMIZATION_LEVEL = "-Owholemodule";
				TARGETED_DEVICE_FAMILY = "1,2";
				VALIDATE_PRODUCT = YES;
			};
			name = Release;
		};
		B2771F641ED845DE00D7C3C6 /* Debug */ = {
			isa = XCBuildConfiguration;
			baseConfigurationReference = 3519363C5ABAF30A14E62E94 /* Pods-ViperModuleTemplate.debug.xcconfig */;
			buildSettings = {
				ASSETCATALOG_COMPILER_APPICON_NAME = AppIcon;
				DEVELOPMENT_TEAM = C6P2EMH7KR;
				INFOPLIST_FILE = ViperModuleTemplate/Info.plist;
				LD_RUNPATH_SEARCH_PATHS = "$(inherited) @executable_path/Frameworks";
				PRODUCT_BUNDLE_IDENTIFIER = com.developer.lukasz.majchrzak.ViperModuleTemplate;
				PRODUCT_NAME = "$(TARGET_NAME)";
				SWIFT_VERSION = 3.0;
			};
			name = Debug;
		};
		B2771F651ED845DE00D7C3C6 /* Release */ = {
			isa = XCBuildConfiguration;
			baseConfigurationReference = 3E524EA13923E8608483C443 /* Pods-ViperModuleTemplate.release.xcconfig */;
			buildSettings = {
				ASSETCATALOG_COMPILER_APPICON_NAME = AppIcon;
				DEVELOPMENT_TEAM = C6P2EMH7KR;
				INFOPLIST_FILE = ViperModuleTemplate/Info.plist;
				LD_RUNPATH_SEARCH_PATHS = "$(inherited) @executable_path/Frameworks";
				PRODUCT_BUNDLE_IDENTIFIER = com.developer.lukasz.majchrzak.ViperModuleTemplate;
				PRODUCT_NAME = "$(TARGET_NAME)";
				SWIFT_VERSION = 3.0;
			};
			name = Release;
		};
		B2771F671ED845DE00D7C3C6 /* Debug */ = {
			isa = XCBuildConfiguration;
			baseConfigurationReference = 2BBCBD1F9A059E04A1AA1C58 /* Pods-ViperModuleTemplateTests.debug.xcconfig */;
			buildSettings = {
				ALWAYS_EMBED_SWIFT_STANDARD_LIBRARIES = YES;
				BUNDLE_LOADER = "$(TEST_HOST)";
				DEVELOPMENT_TEAM = C6P2EMH7KR;
				INFOPLIST_FILE = ViperModuleTemplateTests/Info.plist;
				LD_RUNPATH_SEARCH_PATHS = "$(inherited) @executable_path/Frameworks @loader_path/Frameworks";
				PRODUCT_BUNDLE_IDENTIFIER = com.developer.lukasz.majchrzak.ViperModuleTemplateTests;
				PRODUCT_NAME = "$(TARGET_NAME)";
				SWIFT_VERSION = 3.0;
				TEST_HOST = "$(BUILT_PRODUCTS_DIR)/ViperModuleTemplate.app/ViperModuleTemplate";
			};
			name = Debug;
		};
		B2771F681ED845DE00D7C3C6 /* Release */ = {
			isa = XCBuildConfiguration;
			baseConfigurationReference = 5BE726521FF10244F63FC2AD /* Pods-ViperModuleTemplateTests.release.xcconfig */;
			buildSettings = {
				ALWAYS_EMBED_SWIFT_STANDARD_LIBRARIES = YES;
				BUNDLE_LOADER = "$(TEST_HOST)";
				DEVELOPMENT_TEAM = C6P2EMH7KR;
				INFOPLIST_FILE = ViperModuleTemplateTests/Info.plist;
				LD_RUNPATH_SEARCH_PATHS = "$(inherited) @executable_path/Frameworks @loader_path/Frameworks";
				PRODUCT_BUNDLE_IDENTIFIER = com.developer.lukasz.majchrzak.ViperModuleTemplateTests;
				PRODUCT_NAME = "$(TARGET_NAME)";
				SWIFT_VERSION = 3.0;
				TEST_HOST = "$(BUILT_PRODUCTS_DIR)/ViperModuleTemplate.app/ViperModuleTemplate";
			};
			name = Release;
		};
		B2771F6A1ED845DE00D7C3C6 /* Debug */ = {
			isa = XCBuildConfiguration;
			baseConfigurationReference = 0396865F1C75FA724D30D3C9 /* Pods-ViperModuleTemplateUITests.debug.xcconfig */;
			buildSettings = {
				ALWAYS_EMBED_SWIFT_STANDARD_LIBRARIES = YES;
				DEVELOPMENT_TEAM = C6P2EMH7KR;
				INFOPLIST_FILE = ViperModuleTemplateUITests/Info.plist;
				LD_RUNPATH_SEARCH_PATHS = "$(inherited) @executable_path/Frameworks @loader_path/Frameworks";
				PRODUCT_BUNDLE_IDENTIFIER = com.developer.lukasz.majchrzak.ViperModuleTemplateUITests;
				PRODUCT_NAME = "$(TARGET_NAME)";
				SWIFT_VERSION = 3.0;
				TEST_TARGET_NAME = ViperModuleTemplate;
			};
			name = Debug;
		};
		B2771F6B1ED845DE00D7C3C6 /* Release */ = {
			isa = XCBuildConfiguration;
			baseConfigurationReference = EBA09A74D8680E24A6F09287 /* Pods-ViperModuleTemplateUITests.release.xcconfig */;
			buildSettings = {
				ALWAYS_EMBED_SWIFT_STANDARD_LIBRARIES = YES;
				DEVELOPMENT_TEAM = C6P2EMH7KR;
				INFOPLIST_FILE = ViperModuleTemplateUITests/Info.plist;
				LD_RUNPATH_SEARCH_PATHS = "$(inherited) @executable_path/Frameworks @loader_path/Frameworks";
				PRODUCT_BUNDLE_IDENTIFIER = com.developer.lukasz.majchrzak.ViperModuleTemplateUITests;
				PRODUCT_NAME = "$(TARGET_NAME)";
				SWIFT_VERSION = 3.0;
				TEST_TARGET_NAME = ViperModuleTemplate;
			};
			name = Release;
		};
/* End XCBuildConfiguration section */

/* Begin XCConfigurationList section */
		B2771F361ED845DD00D7C3C6 /* Build configuration list for PBXProject "ViperModuleTemplate" */ = {
			isa = XCConfigurationList;
			buildConfigurations = (
				B2771F611ED845DE00D7C3C6 /* Debug */,
				B2771F621ED845DE00D7C3C6 /* Release */,
			);
			defaultConfigurationIsVisible = 0;
			defaultConfigurationName = Release;
		};
		B2771F631ED845DE00D7C3C6 /* Build configuration list for PBXNativeTarget "ViperModuleTemplate" */ = {
			isa = XCConfigurationList;
			buildConfigurations = (
				B2771F641ED845DE00D7C3C6 /* Debug */,
				B2771F651ED845DE00D7C3C6 /* Release */,
			);
			defaultConfigurationIsVisible = 0;
			defaultConfigurationName = Release;
		};
		B2771F661ED845DE00D7C3C6 /* Build configuration list for PBXNativeTarget "ViperModuleTemplateTests" */ = {
			isa = XCConfigurationList;
			buildConfigurations = (
				B2771F671ED845DE00D7C3C6 /* Debug */,
				B2771F681ED845DE00D7C3C6 /* Release */,
			);
			defaultConfigurationIsVisible = 0;
			defaultConfigurationName = Release;
		};
		B2771F691ED845DE00D7C3C6 /* Build configuration list for PBXNativeTarget "ViperModuleTemplateUITests" */ = {
			isa = XCConfigurationList;
			buildConfigurations = (
				B2771F6A1ED845DE00D7C3C6 /* Debug */,
				B2771F6B1ED845DE00D7C3C6 /* Release */,
			);
			defaultConfigurationIsVisible = 0;
			defaultConfigurationName = Release;
		};
/* End XCConfigurationList section */
	};
	rootObject = B2771F331ED845DD00D7C3C6 /* Project object */;
}
